
Microsoft Visual Studio Solution File, Format Version 12.00
# Visual Studio 16
Project("{2150E333-8FDC-42A3-9474-1A3956D46DE8}") = "Dependencies", "Dependencies", "{53E47842-3FC8-3998-A828-34EB942B241A}"
EndProject
Project("{8BC9CEB8-8B4A-11D0-8D11-00A0C91BC942}") = "GLFW", "dependencies\glfw3\GLFW.vcxproj", "{154B857C-0182-860D-AA6E-6C109684020F}"
EndProject
Project("{8BC9CEB8-8B4A-11D0-8D11-00A0C91BC942}") = "Glad", "dependencies\glad\Glad.vcxproj", "{BDD6857C-A90D-870D-52FA-6C103E10030F}"
EndProject
Project("{8BC9CEB8-8B4A-11D0-8D11-00A0C91BC942}") = "ImGui", "dependencies\imgui\ImGui.vcxproj", "{C0FF640D-2C14-8DBE-F595-301E616989EF}"
EndProject
Project("{8BC9CEB8-8B4A-11D0-8D11-00A0C91BC942}") = "Stbs", "dependencies\stbs\Stbs.vcxproj", "{818D8C7C-6DC4-8D0D-16B1-731002C7090F}"
EndProject
Project("{8BC9CEB8-8B4A-11D0-8D11-00A0C91BC942}") = "TinyGLTF", "dependencies\tinyGLTF\TinyGLTF.vcxproj", "{76563D9D-6223-98A8-8B3C-86507768CD36}"
EndProject
Project("{8BC9CEB8-8B4A-11D0-8D11-00A0C91BC942}") = "spdlog", "dependencies\spdlog\spdlog.vcxproj", "{8EAD431C-7A4F-6EF2-630A-82464F4BF542}"
EndProject
Project("{2150E333-8FDC-42A3-9474-1A3956D46DE8}") = "Modules", "Modules", "{65CB7E83-D18B-FAB9-9AC6-433706463F96}"
EndProject
Project("{8BC9CEB8-8B4A-11D0-8D11-00A0C91BC942}") = "sampleModule", "modules\sampleModule\sampleModule.vcxproj", "{8D153653-7978-C5F7-22FE-FDAD0E40917A}"
EndProject
Project("{2150E333-8FDC-42A3-9474-1A3956D46DE8}") = "Samples - INFR-2310", "Samples - INFR-2310", "{30C3A07D-9C85-D407-E535-63945137ADE5}"
EndProject
Project("{8BC9CEB8-8B4A-11D0-8D11-00A0C91BC942}") = "(Starter) W2 Tutorial - LERP", "samples\INFR-2310\(Starter) W2 Tutorial - LERP\(Starter) W2 Tutorial - LERP.vcxproj", "{D878589E-C433-484A-6DEB-C094598592DA}"
EndProject
Project("{8BC9CEB8-8B4A-11D0-8D11-00A0C91BC942}") = "NOU-Sample", "samples\INFR-2310\NOU-Sample\NOU-Sample.vcxproj", "{6678DA25-5230-1C73-BB37-F5CEA70EB763}"
EndProject
Project("{8BC9CEB8-8B4A-11D0-8D11-00A0C91BC942}") = "W2 Tutorial-LERP", "samples\INFR-2310\W2 Tutorial-LERP\W2 Tutorial-LERP.vcxproj", "{62D457B9-4ECD-760B-77FF-5B9063575617}"
EndProject
Global
	GlobalSection(SolutionConfigurationPlatforms) = preSolution
		Debug|x64 = Debug|x64
		Release|x64 = Release|x64
	EndGlobalSection
	GlobalSection(ProjectConfigurationPlatforms) = postSolution
		{154B857C-0182-860D-AA6E-6C109684020F}.Debug|x64.ActiveCfg = Debug|x64
		{154B857C-0182-860D-AA6E-6C109684020F}.Debug|x64.Build.0 = Debug|x64
		{154B857C-0182-860D-AA6E-6C109684020F}.Release|x64.ActiveCfg = Release|x64
		{154B857C-0182-860D-AA6E-6C109684020F}.Release|x64.Build.0 = Release|x64
		{BDD6857C-A90D-870D-52FA-6C103E10030F}.Debug|x64.ActiveCfg = Debug|x64
		{BDD6857C-A90D-870D-52FA-6C103E10030F}.Debug|x64.Build.0 = Debug|x64
		{BDD6857C-A90D-870D-52FA-6C103E10030F}.Release|x64.ActiveCfg = Release|x64
		{BDD6857C-A90D-870D-52FA-6C103E10030F}.Release|x64.Build.0 = Release|x64
		{C0FF640D-2C14-8DBE-F595-301E616989EF}.Debug|x64.ActiveCfg = Debug|x64
		{C0FF640D-2C14-8DBE-F595-301E616989EF}.Debug|x64.Build.0 = Debug|x64
		{C0FF640D-2C14-8DBE-F595-301E616989EF}.Release|x64.ActiveCfg = Release|x64
		{C0FF640D-2C14-8DBE-F595-301E616989EF}.Release|x64.Build.0 = Release|x64
		{818D8C7C-6DC4-8D0D-16B1-731002C7090F}.Debug|x64.ActiveCfg = Debug|x64
		{818D8C7C-6DC4-8D0D-16B1-731002C7090F}.Debug|x64.Build.0 = Debug|x64
		{818D8C7C-6DC4-8D0D-16B1-731002C7090F}.Release|x64.ActiveCfg = Release|x64
		{818D8C7C-6DC4-8D0D-16B1-731002C7090F}.Release|x64.Build.0 = Release|x64
		{76563D9D-6223-98A8-8B3C-86507768CD36}.Debug|x64.ActiveCfg = Debug|x64
		{76563D9D-6223-98A8-8B3C-86507768CD36}.Debug|x64.Build.0 = Debug|x64
		{76563D9D-6223-98A8-8B3C-86507768CD36}.Release|x64.ActiveCfg = Release|x64
		{76563D9D-6223-98A8-8B3C-86507768CD36}.Release|x64.Build.0 = Release|x64
		{8EAD431C-7A4F-6EF2-630A-82464F4BF542}.Debug|x64.ActiveCfg = Debug|x64
		{8EAD431C-7A4F-6EF2-630A-82464F4BF542}.Debug|x64.Build.0 = Debug|x64
		{8EAD431C-7A4F-6EF2-630A-82464F4BF542}.Release|x64.ActiveCfg = Release|x64
		{8EAD431C-7A4F-6EF2-630A-82464F4BF542}.Release|x64.Build.0 = Release|x64
		{8D153653-7978-C5F7-22FE-FDAD0E40917A}.Debug|x64.ActiveCfg = Debug|x64
		{8D153653-7978-C5F7-22FE-FDAD0E40917A}.Debug|x64.Build.0 = Debug|x64
		{8D153653-7978-C5F7-22FE-FDAD0E40917A}.Release|x64.ActiveCfg = Release|x64
		{8D153653-7978-C5F7-22FE-FDAD0E40917A}.Release|x64.Build.0 = Release|x64
		{D878589E-C433-484A-6DEB-C094598592DA}.Debug|x64.ActiveCfg = Debug|x64
		{D878589E-C433-484A-6DEB-C094598592DA}.Debug|x64.Build.0 = Debug|x64
		{D878589E-C433-484A-6DEB-C094598592DA}.Release|x64.ActiveCfg = Release|x64
		{D878589E-C433-484A-6DEB-C094598592DA}.Release|x64.Build.0 = Release|x64
		{6678DA25-5230-1C73-BB37-F5CEA70EB763}.Debug|x64.ActiveCfg = Debug|x64
		{6678DA25-5230-1C73-BB37-F5CEA70EB763}.Debug|x64.Build.0 = Debug|x64
		{6678DA25-5230-1C73-BB37-F5CEA70EB763}.Release|x64.ActiveCfg = Release|x64
		{6678DA25-5230-1C73-BB37-F5CEA70EB763}.Release|x64.Build.0 = Release|x64
		{62D457B9-4ECD-760B-77FF-5B9063575617}.Debug|x64.ActiveCfg = Debug|x64
		{62D457B9-4ECD-760B-77FF-5B9063575617}.Debug|x64.Build.0 = Debug|x64
		{62D457B9-4ECD-760B-77FF-5B9063575617}.Release|x64.ActiveCfg = Release|x64
		{62D457B9-4ECD-760B-77FF-5B9063575617}.Release|x64.Build.0 = Release|x64
	EndGlobalSection
	GlobalSection(SolutionProperties) = preSolution
		HideSolutionNode = FALSE
	EndGlobalSection
	GlobalSection(NestedProjects) = preSolution
		{154B857C-0182-860D-AA6E-6C109684020F} = {53E47842-3FC8-3998-A828-34EB942B241A}
		{BDD6857C-A90D-870D-52FA-6C103E10030F} = {53E47842-3FC8-3998-A828-34EB942B241A}
		{C0FF640D-2C14-8DBE-F595-301E616989EF} = {53E47842-3FC8-3998-A828-34EB942B241A}
		{818D8C7C-6DC4-8D0D-16B1-731002C7090F} = {53E47842-3FC8-3998-A828-34EB942B241A}
		{76563D9D-6223-98A8-8B3C-86507768CD36} = {53E47842-3FC8-3998-A828-34EB942B241A}
		{8EAD431C-7A4F-6EF2-630A-82464F4BF542} = {53E47842-3FC8-3998-A828-34EB942B241A}
		{8D153653-7978-C5F7-22FE-FDAD0E40917A} = {65CB7E83-D18B-FAB9-9AC6-433706463F96}
		{D878589E-C433-484A-6DEB-C094598592DA} = {30C3A07D-9C85-D407-E535-63945137ADE5}
		{6678DA25-5230-1C73-BB37-F5CEA70EB763} = {30C3A07D-9C85-D407-E535-63945137ADE5}
		{62D457B9-4ECD-760B-77FF-5B9063575617} = {30C3A07D-9C85-D407-E535-63945137ADE5}
	EndGlobalSection
EndGlobal
